// !$*UTF8*$!
{
	archiveVersion = 1;
	classes = {
	};
	objectVersion = 46;
	objects = {

/* Begin PBXBuildFile section */
		8BFCCED91A82E8D0001CF88D /* main.m in Sources */ = {isa = PBXBuildFile; fileRef = 8BFCCED81A82E8D0001CF88D /* main.m */; };
		8BFCCEDC1A82E8D0001CF88D /* AppDelegate.m in Sources */ = {isa = PBXBuildFile; fileRef = 8BFCCEDB1A82E8D0001CF88D /* AppDelegate.m */; };
		8BFCCEDF1A82E8D0001CF88D /* ViewController.m in Sources */ = {isa = PBXBuildFile; fileRef = 8BFCCEDE1A82E8D0001CF88D /* ViewController.m */; };
		8BFCCEE21A82E8D0001CF88D /* Main.storyboard in Resources */ = {isa = PBXBuildFile; fileRef = 8BFCCEE01A82E8D0001CF88D /* Main.storyboard */; };
		8BFCCEE41A82E8D0001CF88D /* Images.xcassets in Resources */ = {isa = PBXBuildFile; fileRef = 8BFCCEE31A82E8D0001CF88D /* Images.xcassets */; };
		8BFCCEE71A82E8D0001CF88D /* LaunchScreen.xib in Resources */ = {isa = PBXBuildFile; fileRef = 8BFCCEE51A82E8D0001CF88D /* LaunchScreen.xib */; };
		8BFCCEF31A82E8D0001CF88D /* ToDoListTests.m in Sources */ = {isa = PBXBuildFile; fileRef = 8BFCCEF21A82E8D0001CF88D /* ToDoListTests.m */; };
/* End PBXBuildFile section */

/* Begin PBXContainerItemProxy section */
		8BFCCEED1A82E8D0001CF88D /* PBXContainerItemProxy */ = {
			isa = PBXContainerItemProxy;
			containerPortal = 8BFCCECB1A82E8CF001CF88D /* Project object */;
			proxyType = 1;
			remoteGlobalIDString = 8BFCCED21A82E8CF001CF88D;
			remoteInfo = ToDoList;
		};
/* End PBXContainerItemProxy section */

/* Begin PBXFileReference section */
		8BFCCED31A82E8D0001CF88D /* ToDoList.app */ = {isa = PBXFileReference; explicitFileType = wrapper.application; includeInIndex = 0; path = ToDoList.app; sourceTree = BUILT_PRODUCTS_DIR; };
		8BFCCED71A82E8D0001CF88D /* Info.plist */ = {isa = PBXFileReference; lastKnownFileType = text.plist.xml; path = Info.plist; sourceTree = "<group>"; };
		8BFCCED81A82E8D0001CF88D /* main.m */ = {isa = PBXFileReference; lastKnownFileType = sourcecode.c.objc; path = main.m; sourceTree = "<group>"; };
		8BFCCEDA1A82E8D0001CF88D /* AppDelegate.h */ = {isa = PBXFileReference; lastKnownFileType = sourcecode.c.h; path = AppDelegate.h; sourceTree = "<group>"; };
		8BFCCEDB1A82E8D0001CF88D /* AppDelegate.m */ = {isa = PBXFileReference; lastKnownFileType = sourcecode.c.objc; path = AppDelegate.m; sourceTree = "<group>"; };
		8BFCCEDD1A82E8D0001CF88D /* ViewController.h */ = {isa = PBXFileReference; lastKnownFileType = sourcecode.c.h; path = ViewController.h; sourceTree = "<group>"; };
		8BFCCEDE1A82E8D0001CF88D /* ViewController.m */ = {isa = PBXFileReference; lastKnownFileType = sourcecode.c.objc; path = ViewController.m; sourceTree = "<group>"; };
		8BFCCEE11A82E8D0001CF88D /* Base */ = {isa = PBXFileReference; lastKnownFileType = file.storyboard; name = Base; path = Base.lproj/Main.storyboard; sourceTree = "<group>"; };
		8BFCCEE31A82E8D0001CF88D /* Images.xcassets */ = {isa = PBXFileReference; lastKnownFileType = folder.assetcatalog; path = Images.xcassets; sourceTree = "<group>"; };
		8BFCCEE61A82E8D0001CF88D /* Base */ = {isa = PBXFileReference; lastKnownFileType = file.xib; name = Base; path = Base.lproj/LaunchScreen.xib; sourceTree = "<group>"; };
		8BFCCEEC1A82E8D0001CF88D /* ToDoListTests.xctest */ = {isa = PBXFileReference; explicitFileType = wrapper.cfbundle; includeInIndex = 0; path = ToDoListTests.xctest; sourceTree = BUILT_PRODUCTS_DIR; };
		8BFCCEF11A82E8D0001CF88D /* Info.plist */ = {isa = PBXFileReference; lastKnownFileType = text.plist.xml; path = Info.plist; sourceTree = "<group>"; };
		8BFCCEF21A82E8D0001CF88D /* ToDoListTests.m */ = {isa = PBXFileReference; lastKnownFileType = sourcecode.c.objc; path = ToDoListTests.m; sourceTree = "<group>"; };
/* End PBXFileReference section */

/* Begin PBXFrameworksBuildPhase section */
		8BFCCED01A82E8CF001CF88D /* Frameworks */ = {
			isa = PBXFrameworksBuildPhase;
			buildActionMask = 2147483647;
			files = (
			);
			runOnlyForDeploymentPostprocessing = 0;
		};
		8BFCCEE91A82E8D0001CF88D /* Frameworks */ = {
			isa = PBXFrameworksBuildPhase;
			buildActionMask = 2147483647;
			files = (
			);
			runOnlyForDeploymentPostprocessing = 0;
		};
/* End PBXFrameworksBuildPhase section */

/* Begin PBXGroup section */
		8BFCCECA1A82E8CF001CF88D = {
			isa = PBXGroup;
			children = (
				8BFCCED51A82E8D0001CF88D /* ToDoList */,
				8BFCCEEF1A82E8D0001CF88D /* ToDoListTests */,
				8BFCCED41A82E8D0001CF88D /* Products */,
			);
			sourceTree = "<group>";
		};
		8BFCCED41A82E8D0001CF88D /* Products */ = {
			isa = PBXGroup;
			children = (
				8BFCCED31A82E8D0001CF88D /* ToDoList.app */,
				8BFCCEEC1A82E8D0001CF88D /* ToDoListTests.xctest */,
			);
			name = Products;
			sourceTree = "<group>";
		};
		8BFCCED51A82E8D0001CF88D /* ToDoList */ = {
			isa = PBXGroup;
			children = (
				8BFCCEDA1A82E8D0001CF88D /* AppDelegate.h */,
				8BFCCEDB1A82E8D0001CF88D /* AppDelegate.m */,
				8BFCCEDD1A82E8D0001CF88D /* ViewController.h */,
				8BFCCEDE1A82E8D0001CF88D /* ViewController.m */,
				8BFCCEE01A82E8D0001CF88D /* Main.storyboard */,
				8BFCCEE31A82E8D0001CF88D /* Images.xcassets */,
				8BFCCEE51A82E8D0001CF88D /* LaunchScreen.xib */,
				8BFCCED61A82E8D0001CF88D /* Supporting Files */,
			);
			path = ToDoList;
			sourceTree = "<group>";
		};
		8BFCCED61A82E8D0001CF88D /* Supporting Files */ = {
			isa = PBXGroup;
			children = (
				8BFCCED71A82E8D0001CF88D /* Info.plist */,
				8BFCCED81A82E8D0001CF88D /* main.m */,
			);
			name = "Supporting Files";
			sourceTree = "<group>";
		};
		8BFCCEEF1A82E8D0001CF88D /* ToDoListTests */ = {
			isa = PBXGroup;
			children = (
				8BFCCEF21A82E8D0001CF88D /* ToDoListTests.m */,
				8BFCCEF01A82E8D0001CF88D /* Supporting Files */,
			);
			path = ToDoListTests;
			sourceTree = "<group>";
		};
		8BFCCEF01A82E8D0001CF88D /* Supporting Files */ = {
			isa = PBXGroup;
			children = (
				8BFCCEF11A82E8D0001CF88D /* Info.plist */,
			);
			name = "Supporting Files";
			sourceTree = "<group>";
		};
/* End PBXGroup section */

/* Begin PBXNativeTarget section */
		8BFCCED21A82E8CF001CF88D /* ToDoList */ = {
			isa = PBXNativeTarget;
			buildConfigurationList = 8BFCCEF61A82E8D0001CF88D /* Build configuration list for PBXNativeTarget "ToDoList" */;
			buildPhases = (
				8BFCCECF1A82E8CF001CF88D /* Sources */,
				8BFCCED01A82E8CF001CF88D /* Frameworks */,
				8BFCCED11A82E8CF001CF88D /* Resources */,
			);
			buildRules = (
			);
			dependencies = (
			);
			name = ToDoList;
			productName = ToDoList;
			productReference = 8BFCCED31A82E8D0001CF88D /* ToDoList.app */;
			productType = "com.apple.product-type.application";
		};
		8BFCCEEB1A82E8D0001CF88D /* ToDoListTests */ = {
			isa = PBXNativeTarget;
			buildConfigurationList = 8BFCCEF91A82E8D0001CF88D /* Build configuration list for PBXNativeTarget "ToDoListTests" */;
			buildPhases = (
				8BFCCEE81A82E8D0001CF88D /* Sources */,
				8BFCCEE91A82E8D0001CF88D /* Frameworks */,
				8BFCCEEA1A82E8D0001CF88D /* Resources */,
			);
			buildRules = (
			);
			dependencies = (
				8BFCCEEE1A82E8D0001CF88D /* PBXTargetDependency */,
			);
			name = ToDoListTests;
			productName = ToDoListTests;
			productReference = 8BFCCEEC1A82E8D0001CF88D /* ToDoListTests.xctest */;
			productType = "com.apple.product-type.bundle.unit-test";
		};
/* End PBXNativeTarget section */

/* Begin PBXProject section */
		8BFCCECB1A82E8CF001CF88D /* Project object */ = {
			isa = PBXProject;
			attributes = {
				LastUpgradeCheck = 0610;
				ORGANIZATIONNAME = Benjas;
				TargetAttributes = {
					8BFCCED21A82E8CF001CF88D = {
						CreatedOnToolsVersion = 6.1.1;
					};
					8BFCCEEB1A82E8D0001CF88D = {
						CreatedOnToolsVersion = 6.1.1;
						TestTargetID = 8BFCCED21A82E8CF001CF88D;
					};
				};
			};
			buildConfigurationList = 8BFCCECE1A82E8CF001CF88D /* Build configuration list for PBXProject "ToDoList" */;
			compatibilityVersion = "Xcode 3.2";
			developmentRegion = English;
			hasScannedForEncodings = 0;
			knownRegions = (
				en,
				Base,
			);
			mainGroup = 8BFCCECA1A82E8CF001CF88D;
			productRefGroup = 8BFCCED41A82E8D0001CF88D /* Products */;
			projectDirPath = "";
			projectRoot = "";
			targets = (
				8BFCCED21A82E8CF001CF88D /* ToDoList */,
				8BFCCEEB1A82E8D0001CF88D /* ToDoListTests */,
			);
		};
/* End PBXProject section */

/* Begin PBXResourcesBuildPhase section */
		8BFCCED11A82E8CF001CF88D /* Resources */ = {
			isa = PBXResourcesBuildPhase;
			buildActionMask = 2147483647;
			files = (
				8BFCCEE21A82E8D0001CF88D /* Main.storyboard in Resources */,
				8BFCCEE71A82E8D0001CF88D /* LaunchScreen.xib in Resources */,
				8BFCCEE41A82E8D0001CF88D /* Images.xcassets in Resources */,
			);
			runOnlyForDeploymentPostprocessing = 0;
		};
		8BFCCEEA1A82E8D0001CF88D /* Resources */ = {
			isa = PBXResourcesBuildPhase;
			buildActionMask = 2147483647;
			files = (
			);
			runOnlyForDeploymentPostprocessing = 0;
		};
/* End PBXResourcesBuildPhase section */

/* Begin PBXSourcesBuildPhase section */
		8BFCCECF1A82E8CF001CF88D /* Sources */ = {
			isa = PBXSourcesBuildPhase;
			buildActionMask = 2147483647;
			files = (
				8BFCCEDF1A82E8D0001CF88D /* ViewController.m in Sources */,
				8BFCCEDC1A82E8D0001CF88D /* AppDelegate.m in Sources */,
				8BFCCED91A82E8D0001CF88D /* main.m in Sources */,
			);
			runOnlyForDeploymentPostprocessing = 0;
		};
		8BFCCEE81A82E8D0001CF88D /* Sources */ = {
			isa = PBXSourcesBuildPhase;
			buildActionMask = 2147483647;
			files = (
				8BFCCEF31A82E8D0001CF88D /* ToDoListTests.m in Sources */,
			);
			runOnlyForDeploymentPostprocessing = 0;
		};
/* End PBXSourcesBuildPhase section */

/* Begin PBXTargetDependency section */
		8BFCCEEE1A82E8D0001CF88D /* PBXTargetDependency */ = {
			isa = PBXTargetDependency;
			target = 8BFCCED21A82E8CF001CF88D /* ToDoList */;
			targetProxy = 8BFCCEED1A82E8D0001CF88D /* PBXContainerItemProxy */;
		};
/* End PBXTargetDependency section */

/* Begin PBXVariantGroup section */
		8BFCCEE01A82E8D0001CF88D /* Main.storyboard */ = {
			isa = PBXVariantGroup;
			children = (
				8BFCCEE11A82E8D0001CF88D /* Base */,
			);
			name = Main.storyboard;
			sourceTree = "<group>";
		};
		8BFCCEE51A82E8D0001CF88D /* LaunchScreen.xib */ = {
			isa = PBXVariantGroup;
			children = (
				8BFCCEE61A82E8D0001CF88D /* Base */,
			);
			name = LaunchScreen.xib;
			sourceTree = "<group>";
		};
/* End PBXVariantGroup section */

/* Begin XCBuildConfiguration section */
		8BFCCEF41A82E8D0001CF88D /* Debug */ = {
			isa = XCBuildConfiguration;
			buildSettings = {
				ALWAYS_SEARCH_USER_PATHS = NO;
				CLANG_CXX_LANGUAGE_STANDARD = "gnu++0x";
				CLANG_CXX_LIBRARY = "libc++";
				CLANG_ENABLE_MODULES = YES;
				CLANG_ENABLE_OBJC_ARC = YES;
				CLANG_WARN_BOOL_CONVERSION = YES;
				CLANG_WARN_CONSTANT_CONVERSION = YES;
				CLANG_WARN_DIRECT_OBJC_ISA_USAGE = YES_ERROR;
				CLANG_WARN_EMPTY_BODY = YES;
				CLANG_WARN_ENUM_CONVERSION = YES;
				CLANG_WARN_INT_CONVERSION = YES;
				CLANG_WARN_OBJC_ROOT_CLASS = YES_ERROR;
				CLANG_WARN_UNREACHABLE_CODE = YES;
				CLANG_WARN__DUPLICATE_METHOD_MATCH = YES;
				"CODE_SIGN_IDENTITY[sdk=iphoneos*]" = "iPhone Developer";
				COPY_PHASE_STRIP = NO;
				ENABLE_STRICT_OBJC_MSGSEND = YES;
				GCC_C_LANGUAGE_STANDARD = gnu99;
				GCC_DYNAMIC_NO_PIC = NO;
				GCC_OPTIMIZATION_LEVEL = 0;
				GCC_PREPROCESSOR_DEFINITIONS = (
					"DEBUG=1",
					"$(inherited)",
				);
				GCC_SYMBOLS_PRIVATE_EXTERN = NO;
				GCC_WARN_64_TO_32_BIT_CONVERSION = YES;
				GCC_WARN_ABOUT_RETURN_TYPE = YES_ERROR;
				GCC_WARN_UNDECLARED_SELECTOR = YES;
				GCC_WARN_UNINITIALIZED_AUTOS = YES_AGGRESSIVE;
				GCC_WARN_UNUSED_FUNCTION = YES;
				GCC_WARN_UNUSED_VARIABLE = YES;
				IPHONEOS_DEPLOYMENT_TARGET = 8.1;
				MTL_ENABLE_DEBUG_INFO = YES;
				ONLY_ACTIVE_ARCH = YES;
				SDKROOT = iphoneos;
				TARGETED_DEVICE_FAMILY = "1,2";
			};
			name = Debug;
		};
		8BFCCEF51A82E8D0001CF88D /* Release */ = {
			isa = XCBuildConfiguration;
			buildSettings = {
				ALWAYS_SEARCH_USER_PATHS = NO;
				CLANG_CXX_LANGUAGE_STANDARD = "gnu++0x";
				CLANG_CXX_LIBRARY = "libc++";
				CLANG_ENABLE_MODULES = YES;
				CLANG_ENABLE_OBJC_ARC = YES;
				CLANG_WARN_BOOL_CONVERSION = YES;
				CLANG_WARN_CONSTANT_CONVERSION = YES;
				CLANG_WARN_DIRECT_OBJC_ISA_USAGE = YES_ERROR;
				CLANG_WARN_EMPTY_BODY = YES;
				CLANG_WARN_ENUM_CONVERSION = YES;
				CLANG_WARN_INT_CONVERSION = YES;
				CLANG_WARN_OBJC_ROOT_CLASS = YES_ERROR;
				CLANG_WARN_UNREACHABLE_CODE = YES;
				CLANG_WARN__DUPLICATE_METHOD_MATCH = YES;
				"CODE_SIGN_IDENTITY[sdk=iphoneos*]" = "iPhone Developer";
				COPY_PHASE_STRIP = YES;
				ENABLE_NS_ASSERTIONS = NO;
				ENABLE_STRICT_OBJC_MSGSEND = YES;
				GCC_C_LANGUAGE_STANDARD = gnu99;
				GCC_WARN_64_TO_32_BIT_CONVERSION = YES;
				GCC_WARN_ABOUT_RETURN_TYPE = YES_ERROR;
				GCC_WARN_UNDECLARED_SELECTOR = YES;
				GCC_WARN_UNINITIALIZED_AUTOS = YES_AGGRESSIVE;
				GCC_WARN_UNUSED_FUNCTION = YES;
				GCC_WARN_UNUSED_VARIABLE = YES;
				IPHONEOS_DEPLOYMENT_TARGET = 8.1;
				MTL_ENABLE_DEBUG_INFO = NO;
				SDKROOT = iphoneos;
				TARGETED_DEVICE_FAMILY = "1,2";
				VALIDATE_PRODUCT = YES;
			};
			name = Release;
		};
		8BFCCEF71A82E8D0001CF88D /* Debug */ = {
			isa = XCBuildConfiguration;
			buildSettings = {
				ASSETCATALOG_COMPILER_APPICON_NAME = AppIcon;
				INFOPLIST_FILE = ToDoList/Info.plist;
				LD_RUNPATH_SEARCH_PATHS = "$(inherited) @executable_path/Frameworks";
				PRODUCT_NAME = "$(TARGET_NAME)";
			};
			name = Debug;
		};
		8BFCCEF81A82E8D0001CF88D /* Release */ = {
			isa = XCBuildConfiguration;
			buildSettings = {
				ASSETCATALOG_COMPILER_APPICON_NAME = AppIcon;
				INFOPLIST_FILE = ToDoList/Info.plist;
				LD_RUNPATH_SEARCH_PATHS = "$(inherited) @executable_path/Frameworks";
				PRODUCT_NAME = "$(TARGET_NAME)";
			};
			name = Release;
		};
		8BFCCEFA1A82E8D0001CF88D /* Debug */ = {
			isa = XCBuildConfiguration;
			buildSettings = {
				BUNDLE_LOADER = "$(TEST_HOST)";
				FRAMEWORK_SEARCH_PATHS = (
					"$(SDKROOT)/Developer/Library/Frameworks",
					"$(inherited)",
				);
				GCC_PREPROCESSOR_DEFINITIONS = (
					"DEBUG=1",
					"$(inherited)",
				);
				INFOPLIST_FILE = ToDoListTests/Info.plist;
				LD_RUNPATH_SEARCH_PATHS = "$(inherited) @executable_path/Frameworks @loader_path/Frameworks";
				PRODUCT_NAME = "$(TARGET_NAME)";
				TEST_HOST = "$(BUILT_PRODUCTS_DIR)/ToDoList.app/ToDoList";
			};
			name = Debug;
		};
		8BFCCEFB1A82E8D0001CF88D /* Release */ = {
			isa = XCBuildConfiguration;
			buildSettings = {
				BUNDLE_LOADER = "$(TEST_HOST)";
				FRAMEWORK_SEARCH_PATHS = (
					"$(SDKROOT)/Developer/Library/Frameworks",
					"$(inherited)",
				);
				INFOPLIST_FILE = ToDoListTests/Info.plist;
				LD_RUNPATH_SEARCH_PATHS = "$(inherited) @executable_path/Frameworks @loader_path/Frameworks";
				PRODUCT_NAME = "$(TARGET_NAME)";
				TEST_HOST = "$(BUILT_PRODUCTS_DIR)/ToDoList.app/ToDoList";
			};
			name = Release;
		};
/* End XCBuildConfiguration section */

/* Begin XCConfigurationList section */
		8BFCCECE1A82E8CF001CF88D /* Build configuration list for PBXProject "ToDoList" */ = {
			isa = XCConfigurationList;
			buildConfigurations = (
				8BFCCEF41A82E8D0001CF88D /* Debug */,
				8BFCCEF51A82E8D0001CF88D /* Release */,
			);
			defaultConfigurationIsVisible = 0;
			defaultConfigurationName = Release;
		};
		8BFCCEF61A82E8D0001CF88D /* Build configuration list for PBXNativeTarget "ToDoList" */ = {
			isa = XCConfigurationList;
			buildConfigurations = (
				8BFCCEF71A82E8D0001CF88D /* Debug */,
				8BFCCEF81A82E8D0001CF88D /* Release */,
			);
			defaultConfigurationIsVisible = 0;
		};
		8BFCCEF91A82E8D0001CF88D /* Build configuration list for PBXNativeTarget "ToDoListTests" */ = {
			isa = XCConfigurationList;
			buildConfigurations = (
				8BFCCEFA1A82E8D0001CF88D /* Debug */,
				8BFCCEFB1A82E8D0001CF88D /* Release */,
			);
			defaultConfigurationIsVisible = 0;
		};
/* End XCConfigurationList section */
	};
	rootObject = 8BFCCECB1A82E8CF001CF88D /* Project object */;
}
